
Microsoft Visual Studio Solution File, Format Version 12.00
# Visual Studio Version 16
VisualStudioVersion = 16.0.31613.86
MinimumVisualStudioVersion = 10.0.40219.1
Project("{FAE04EC0-301F-11D3-BF4B-00C04F79EFBC}") = "WebApplication1", "WebApplication1\WebApplication1.csproj", "{C2972F7E-7FCE-411A-9BD3-F28D86040057}"
EndProject
Global
	GlobalSection(SolutionConfigurationPlatforms) = preSolution
		Debug|Any CPU = Debug|Any CPU
		Release|Any CPU = Release|Any CPU
	EndGlobalSection
	GlobalSection(ProjectConfigurationPlatforms) = postSolution
		{C2972F7E-7FCE-411A-9BD3-F28D86040057}.Debug|Any CPU.ActiveCfg = Debug|Any CPU
		{C2972F7E-7FCE-411A-9BD3-F28D86040057}.Debug|Any CPU.Build.0 = Debug|Any CPU
		{C2972F7E-7FCE-411A-9BD3-F28D86040057}.Release|Any CPU.ActiveCfg = Release|Any CPU
		{C2972F7E-7FCE-411A-9BD3-F28D86040057}.Release|Any CPU.Build.0 = Release|Any CPU
	EndGlobalSection
	GlobalSection(SolutionProperties) = preSolution
		HideSolutionNode = FALSE
	EndGlobalSection
	GlobalSection(ExtensibilityGlobals) = postSolution
		SolutionGuid = {C14961FD-FDCD-44D4-9235-DC0B9D8C9DD2}
	EndGlobalSection
EndGlobal
